// !$*UTF8*$!
{
	archiveVersion = 1;
	classes = {
	};
	objectVersion = 56;
	objects = {

/* Begin PBXBuildFile section */
		984494172A13EBC100B58494 /* UserDetailBuilder.swift in Sources */ = {isa = PBXBuildFile; fileRef = 984494162A13EBC100B58494 /* UserDetailBuilder.swift */; };
		9844941A2A140F3700B58494 /* PreviewUserDetailViewData.swift in Sources */ = {isa = PBXBuildFile; fileRef = 984494192A140F3700B58494 /* PreviewUserDetailViewData.swift */; };
		9844941C2A14123200B58494 /* UserDetailDeepView.swift in Sources */ = {isa = PBXBuildFile; fileRef = 9844941B2A14123200B58494 /* UserDetailDeepView.swift */; };
		9844941F2A14507300B58494 /* UserRepoView.swift in Sources */ = {isa = PBXBuildFile; fileRef = 9844941E2A14507300B58494 /* UserRepoView.swift */; };
		984494212A150E5400B58494 /* repos.json in Resources */ = {isa = PBXBuildFile; fileRef = 984494202A150E5400B58494 /* repos.json */; };
		984494232A1514AA00B58494 /* UserRepoBuilder.swift in Sources */ = {isa = PBXBuildFile; fileRef = 984494222A1514AA00B58494 /* UserRepoBuilder.swift */; };
		986B2BA42A12BDFC00D1F654 /* UserViewModel.swift in Sources */ = {isa = PBXBuildFile; fileRef = 986B2BA32A12BDFC00D1F654 /* UserViewModel.swift */; };
		986B2BA62A12C03C00D1F654 /* UserViewData.swift in Sources */ = {isa = PBXBuildFile; fileRef = 986B2BA52A12C03C00D1F654 /* UserViewData.swift */; };
		986B2BA82A12CB8F00D1F654 /* UsersBuilder.swift in Sources */ = {isa = PBXBuildFile; fileRef = 986B2BA72A12CB8F00D1F654 /* UsersBuilder.swift */; };
		986B2BAE2A12CE4700D1F654 /* HomeView.swift in Sources */ = {isa = PBXBuildFile; fileRef = 986B2BAD2A12CE4700D1F654 /* HomeView.swift */; };
		986B2BB32A12D87E00D1F654 /* UserRowView.swift in Sources */ = {isa = PBXBuildFile; fileRef = 986B2BB22A12D87E00D1F654 /* UserRowView.swift */; };
		986B2BB52A12DD3400D1F654 /* PreviewUserViewData.swift in Sources */ = {isa = PBXBuildFile; fileRef = 986B2BB42A12DD3400D1F654 /* PreviewUserViewData.swift */; };
		986B2BB82A12DE3B00D1F654 /* users.json in Resources */ = {isa = PBXBuildFile; fileRef = 986B2BB72A12DE3B00D1F654 /* users.json */; };
		986B2BBA2A12E4DE00D1F654 /* UserView.swift in Sources */ = {isa = PBXBuildFile; fileRef = 986B2BB92A12E4DE00D1F654 /* UserView.swift */; };
		986B2BBC2A12E8C600D1F654 /* NavigationDeepView.swift in Sources */ = {isa = PBXBuildFile; fileRef = 986B2BBB2A12E8C600D1F654 /* NavigationDeepView.swift */; };
		986B2BBE2A12F79200D1F654 /* UserDetailView.swift in Sources */ = {isa = PBXBuildFile; fileRef = 986B2BBD2A12F79200D1F654 /* UserDetailView.swift */; };
		98DCF36D2A12970C003ADC2A /* github_u_iosApp.swift in Sources */ = {isa = PBXBuildFile; fileRef = 98DCF36C2A12970C003ADC2A /* github_u_iosApp.swift */; };
		98DCF3712A12970D003ADC2A /* Assets.xcassets in Resources */ = {isa = PBXBuildFile; fileRef = 98DCF3702A12970D003ADC2A /* Assets.xcassets */; };
		98DCF3742A12970D003ADC2A /* Preview Assets.xcassets in Resources */ = {isa = PBXBuildFile; fileRef = 98DCF3732A12970D003ADC2A /* Preview Assets.xcassets */; };
		98DCF38C2A1298CA003ADC2A /* Constant.swift in Sources */ = {isa = PBXBuildFile; fileRef = 98DCF3812A1298C9003ADC2A /* Constant.swift */; };
		98DCF38D2A1298CA003ADC2A /* ColorExtension.swift in Sources */ = {isa = PBXBuildFile; fileRef = 98DCF3832A1298CA003ADC2A /* ColorExtension.swift */; };
		98DCF38E2A1298CA003ADC2A /* DataExtension.swift in Sources */ = {isa = PBXBuildFile; fileRef = 98DCF3842A1298CA003ADC2A /* DataExtension.swift */; };
		98DCF38F2A1298CA003ADC2A /* StringExtension.swift in Sources */ = {isa = PBXBuildFile; fileRef = 98DCF3852A1298CA003ADC2A /* StringExtension.swift */; };
		98DCF3902A1298CA003ADC2A /* DateExtension.swift in Sources */ = {isa = PBXBuildFile; fileRef = 98DCF3862A1298CA003ADC2A /* DateExtension.swift */; };
		98DCF3912A1298CA003ADC2A /* DecodableExtension.swift in Sources */ = {isa = PBXBuildFile; fileRef = 98DCF3872A1298CA003ADC2A /* DecodableExtension.swift */; };
		98DCF3922A1298CA003ADC2A /* AppDesignConfiguration.swift in Sources */ = {isa = PBXBuildFile; fileRef = 98DCF3892A1298CA003ADC2A /* AppDesignConfiguration.swift */; };
		98DCF3932A1298CA003ADC2A /* Builder.swift in Sources */ = {isa = PBXBuildFile; fileRef = 98DCF38A2A1298CA003ADC2A /* Builder.swift */; };
		98DCF3962A129BFD003ADC2A /* Endpoint.swift in Sources */ = {isa = PBXBuildFile; fileRef = 98DCF3952A129BFD003ADC2A /* Endpoint.swift */; };
		98DCF39A2A129E69003ADC2A /* Connection.swift in Sources */ = {isa = PBXBuildFile; fileRef = 98DCF3982A129E69003ADC2A /* Connection.swift */; };
		98DCF39B2A129E69003ADC2A /* NetworkError.swift in Sources */ = {isa = PBXBuildFile; fileRef = 98DCF3992A129E69003ADC2A /* NetworkError.swift */; };
		98DCF39E2A129F9D003ADC2A /* UserService.swift in Sources */ = {isa = PBXBuildFile; fileRef = 98DCF39D2A129F9D003ADC2A /* UserService.swift */; };
		98DCF3A02A12A0E4003ADC2A /* User.swift in Sources */ = {isa = PBXBuildFile; fileRef = 98DCF39F2A12A0E4003ADC2A /* User.swift */; };
/* End PBXBuildFile section */

/* Begin PBXFileReference section */
		984494152A13E28F00B58494 /* userDetail.json */ = {isa = PBXFileReference; lastKnownFileType = text.json; path = userDetail.json; sourceTree = "<group>"; };
		984494162A13EBC100B58494 /* UserDetailBuilder.swift */ = {isa = PBXFileReference; lastKnownFileType = sourcecode.swift; path = UserDetailBuilder.swift; sourceTree = "<group>"; };
		984494192A140F3700B58494 /* PreviewUserDetailViewData.swift */ = {isa = PBXFileReference; lastKnownFileType = sourcecode.swift; path = PreviewUserDetailViewData.swift; sourceTree = "<group>"; };
		9844941B2A14123200B58494 /* UserDetailDeepView.swift */ = {isa = PBXFileReference; lastKnownFileType = sourcecode.swift; path = UserDetailDeepView.swift; sourceTree = "<group>"; };
		9844941E2A14507300B58494 /* UserRepoView.swift */ = {isa = PBXFileReference; lastKnownFileType = sourcecode.swift; path = UserRepoView.swift; sourceTree = "<group>"; };
		984494202A150E5400B58494 /* repos.json */ = {isa = PBXFileReference; lastKnownFileType = text.json; path = repos.json; sourceTree = "<group>"; };
		984494222A1514AA00B58494 /* UserRepoBuilder.swift */ = {isa = PBXFileReference; lastKnownFileType = sourcecode.swift; path = UserRepoBuilder.swift; sourceTree = "<group>"; };
		984494242A15284600B58494 /* README.md */ = {isa = PBXFileReference; lastKnownFileType = net.daringfireball.markdown; path = README.md; sourceTree = "<group>"; };
		986B2BA32A12BDFC00D1F654 /* UserViewModel.swift */ = {isa = PBXFileReference; lastKnownFileType = sourcecode.swift; path = UserViewModel.swift; sourceTree = "<group>"; };
		986B2BA52A12C03C00D1F654 /* UserViewData.swift */ = {isa = PBXFileReference; lastKnownFileType = sourcecode.swift; path = UserViewData.swift; sourceTree = "<group>"; };
		986B2BA72A12CB8F00D1F654 /* UsersBuilder.swift */ = {isa = PBXFileReference; lastKnownFileType = sourcecode.swift; path = UsersBuilder.swift; sourceTree = "<group>"; };
		986B2BAD2A12CE4700D1F654 /* HomeView.swift */ = {isa = PBXFileReference; lastKnownFileType = sourcecode.swift; path = HomeView.swift; sourceTree = "<group>"; };
		986B2BB22A12D87E00D1F654 /* UserRowView.swift */ = {isa = PBXFileReference; lastKnownFileType = sourcecode.swift; path = UserRowView.swift; sourceTree = "<group>"; };
		986B2BB42A12DD3400D1F654 /* PreviewUserViewData.swift */ = {isa = PBXFileReference; lastKnownFileType = sourcecode.swift; path = PreviewUserViewData.swift; sourceTree = "<group>"; };
		986B2BB72A12DE3B00D1F654 /* users.json */ = {isa = PBXFileReference; lastKnownFileType = text.json; path = users.json; sourceTree = "<group>"; };
		986B2BB92A12E4DE00D1F654 /* UserView.swift */ = {isa = PBXFileReference; lastKnownFileType = sourcecode.swift; path = UserView.swift; sourceTree = "<group>"; };
		986B2BBB2A12E8C600D1F654 /* NavigationDeepView.swift */ = {isa = PBXFileReference; lastKnownFileType = sourcecode.swift; path = NavigationDeepView.swift; sourceTree = "<group>"; };
		986B2BBD2A12F79200D1F654 /* UserDetailView.swift */ = {isa = PBXFileReference; lastKnownFileType = sourcecode.swift; path = UserDetailView.swift; sourceTree = "<group>"; };
		98DCF3692A12970C003ADC2A /* github-u-ios.app */ = {isa = PBXFileReference; explicitFileType = wrapper.application; includeInIndex = 0; path = "github-u-ios.app"; sourceTree = BUILT_PRODUCTS_DIR; };
		98DCF36C2A12970C003ADC2A /* github_u_iosApp.swift */ = {isa = PBXFileReference; lastKnownFileType = sourcecode.swift; path = github_u_iosApp.swift; sourceTree = "<group>"; };
		98DCF3702A12970D003ADC2A /* Assets.xcassets */ = {isa = PBXFileReference; lastKnownFileType = folder.assetcatalog; path = Assets.xcassets; sourceTree = "<group>"; };
		98DCF3732A12970D003ADC2A /* Preview Assets.xcassets */ = {isa = PBXFileReference; lastKnownFileType = folder.assetcatalog; path = "Preview Assets.xcassets"; sourceTree = "<group>"; };
		98DCF3812A1298C9003ADC2A /* Constant.swift */ = {isa = PBXFileReference; fileEncoding = 4; lastKnownFileType = sourcecode.swift; path = Constant.swift; sourceTree = "<group>"; };
		98DCF3832A1298CA003ADC2A /* ColorExtension.swift */ = {isa = PBXFileReference; fileEncoding = 4; lastKnownFileType = sourcecode.swift; path = ColorExtension.swift; sourceTree = "<group>"; };
		98DCF3842A1298CA003ADC2A /* DataExtension.swift */ = {isa = PBXFileReference; fileEncoding = 4; lastKnownFileType = sourcecode.swift; path = DataExtension.swift; sourceTree = "<group>"; };
		98DCF3852A1298CA003ADC2A /* StringExtension.swift */ = {isa = PBXFileReference; fileEncoding = 4; lastKnownFileType = sourcecode.swift; path = StringExtension.swift; sourceTree = "<group>"; };
		98DCF3862A1298CA003ADC2A /* DateExtension.swift */ = {isa = PBXFileReference; fileEncoding = 4; lastKnownFileType = sourcecode.swift; path = DateExtension.swift; sourceTree = "<group>"; };
		98DCF3872A1298CA003ADC2A /* DecodableExtension.swift */ = {isa = PBXFileReference; fileEncoding = 4; lastKnownFileType = sourcecode.swift; path = DecodableExtension.swift; sourceTree = "<group>"; };
		98DCF3892A1298CA003ADC2A /* AppDesignConfiguration.swift */ = {isa = PBXFileReference; fileEncoding = 4; lastKnownFileType = sourcecode.swift; path = AppDesignConfiguration.swift; sourceTree = "<group>"; };
		98DCF38A2A1298CA003ADC2A /* Builder.swift */ = {isa = PBXFileReference; fileEncoding = 4; lastKnownFileType = sourcecode.swift; path = Builder.swift; sourceTree = "<group>"; };
		98DCF3952A129BFD003ADC2A /* Endpoint.swift */ = {isa = PBXFileReference; lastKnownFileType = sourcecode.swift; path = Endpoint.swift; sourceTree = "<group>"; };
		98DCF3982A129E69003ADC2A /* Connection.swift */ = {isa = PBXFileReference; fileEncoding = 4; lastKnownFileType = sourcecode.swift; path = Connection.swift; sourceTree = "<group>"; };
		98DCF3992A129E69003ADC2A /* NetworkError.swift */ = {isa = PBXFileReference; fileEncoding = 4; lastKnownFileType = sourcecode.swift; path = NetworkError.swift; sourceTree = "<group>"; };
		98DCF39D2A129F9D003ADC2A /* UserService.swift */ = {isa = PBXFileReference; lastKnownFileType = sourcecode.swift; path = UserService.swift; sourceTree = "<group>"; };
		98DCF39F2A12A0E4003ADC2A /* User.swift */ = {isa = PBXFileReference; lastKnownFileType = sourcecode.swift; path = User.swift; sourceTree = "<group>"; };
/* End PBXFileReference section */

/* Begin PBXFrameworksBuildPhase section */
		98DCF3662A12970C003ADC2A /* Frameworks */ = {
			isa = PBXFrameworksBuildPhase;
			buildActionMask = 2147483647;
			files = (
			);
			runOnlyForDeploymentPostprocessing = 0;
		};
/* End PBXFrameworksBuildPhase section */

/* Begin PBXGroup section */
		984494182A140A8B00B58494 /* UserDetail */ = {
			isa = PBXGroup;
			children = (
				986B2BBD2A12F79200D1F654 /* UserDetailView.swift */,
				9844941B2A14123200B58494 /* UserDetailDeepView.swift */,
			);
			path = UserDetail;
			sourceTree = "<group>";
		};
		9844941D2A14505600B58494 /* Repo */ = {
			isa = PBXGroup;
			children = (
				9844941E2A14507300B58494 /* UserRepoView.swift */,
			);
			path = Repo;
			sourceTree = "<group>";
		};
		986B2BA12A12BDBC00D1F654 /* Builder */ = {
			isa = PBXGroup;
			children = (
				984494162A13EBC100B58494 /* UserDetailBuilder.swift */,
				986B2BA72A12CB8F00D1F654 /* UsersBuilder.swift */,
				984494222A1514AA00B58494 /* UserRepoBuilder.swift */,
			);
			path = Builder;
			sourceTree = "<group>";
		};
		986B2BA22A12BDC200D1F654 /* Viewdata */ = {
			isa = PBXGroup;
			children = (
				986B2BA52A12C03C00D1F654 /* UserViewData.swift */,
			);
			path = Viewdata;
			sourceTree = "<group>";
		};
		986B2BA92A12CDFB00D1F654 /* Home */ = {
			isa = PBXGroup;
			children = (
				986B2BAD2A12CE4700D1F654 /* HomeView.swift */,
				986B2BBB2A12E8C600D1F654 /* NavigationDeepView.swift */,
			);
			path = Home;
			sourceTree = "<group>";
		};
		986B2BAA2A12CE0300D1F654 /* User */ = {
			isa = PBXGroup;
			children = (
				986B2BB22A12D87E00D1F654 /* UserRowView.swift */,
				986B2BB92A12E4DE00D1F654 /* UserView.swift */,
			);
			path = User;
			sourceTree = "<group>";
		};
		986B2BB62A12DE0E00D1F654 /* Json */ = {
			isa = PBXGroup;
			children = (
				984494152A13E28F00B58494 /* userDetail.json */,
				986B2BB72A12DE3B00D1F654 /* users.json */,
				984494202A150E5400B58494 /* repos.json */,
			);
			path = Json;
			sourceTree = "<group>";
		};
		98DCF3602A12970C003ADC2A = {
			isa = PBXGroup;
			children = (
				984494242A15284600B58494 /* README.md */,
				98DCF36B2A12970C003ADC2A /* github-u-ios */,
				98DCF36A2A12970C003ADC2A /* Products */,
			);
			sourceTree = "<group>";
		};
		98DCF36A2A12970C003ADC2A /* Products */ = {
			isa = PBXGroup;
			children = (
				98DCF3692A12970C003ADC2A /* github-u-ios.app */,
			);
			name = Products;
			sourceTree = "<group>";
		};
		98DCF36B2A12970C003ADC2A /* github-u-ios */ = {
			isa = PBXGroup;
			children = (
				98DCF37A2A1297BC003ADC2A /* View */,
				98DCF37C2A1297D1003ADC2A /* Networking */,
				98DCF37B2A1297C6003ADC2A /* ViewModel */,
				98DCF3802A1298C9003ADC2A /* Core */,
				98DCF37F2A1297E5003ADC2A /* Resources */,
				98DCF37D2A1297D7003ADC2A /* Model */,
				98DCF36C2A12970C003ADC2A /* github_u_iosApp.swift */,
				98DCF3702A12970D003ADC2A /* Assets.xcassets */,
				98DCF3722A12970D003ADC2A /* Preview Content */,
			);
			path = "github-u-ios";
			sourceTree = "<group>";
		};
		98DCF3722A12970D003ADC2A /* Preview Content */ = {
			isa = PBXGroup;
			children = (
				98DCF3732A12970D003ADC2A /* Preview Assets.xcassets */,
				986B2BB42A12DD3400D1F654 /* PreviewUserViewData.swift */,
				984494192A140F3700B58494 /* PreviewUserDetailViewData.swift */,
			);
			path = "Preview Content";
			sourceTree = "<group>";
		};
		98DCF37A2A1297BC003ADC2A /* View */ = {
			isa = PBXGroup;
			children = (
				9844941D2A14505600B58494 /* Repo */,
				986B2BAA2A12CE0300D1F654 /* User */,
				984494182A140A8B00B58494 /* UserDetail */,
				986B2BA92A12CDFB00D1F654 /* Home */,
			);
			path = View;
			sourceTree = "<group>";
		};
		98DCF37B2A1297C6003ADC2A /* ViewModel */ = {
			isa = PBXGroup;
			children = (
				986B2BA22A12BDC200D1F654 /* Viewdata */,
				986B2BA12A12BDBC00D1F654 /* Builder */,
				986B2BA32A12BDFC00D1F654 /* UserViewModel.swift */,
			);
			path = ViewModel;
			sourceTree = "<group>";
		};
		98DCF37C2A1297D1003ADC2A /* Networking */ = {
			isa = PBXGroup;
			children = (
				98DCF39C2A129ED2003ADC2A /* Service */,
				98DCF3972A129E69003ADC2A /* ErrorHandling */,
			);
			path = Networking;
			sourceTree = "<group>";
		};
		98DCF37D2A1297D7003ADC2A /* Model */ = {
			isa = PBXGroup;
			children = (
				98DCF39F2A12A0E4003ADC2A /* User.swift */,
			);
			path = Model;
			sourceTree = "<group>";
		};
		98DCF37F2A1297E5003ADC2A /* Resources */ = {
			isa = PBXGroup;
			children = (
				986B2BB62A12DE0E00D1F654 /* Json */,
			);
			path = Resources;
			sourceTree = "<group>";
		};
		98DCF3802A1298C9003ADC2A /* Core */ = {
			isa = PBXGroup;
			children = (
				98DCF3812A1298C9003ADC2A /* Constant.swift */,
				98DCF3822A1298CA003ADC2A /* Extension */,
				98DCF3882A1298CA003ADC2A /* Layout */,
				98DCF38A2A1298CA003ADC2A /* Builder.swift */,
				98DCF3952A129BFD003ADC2A /* Endpoint.swift */,
			);
			path = Core;
			sourceTree = "<group>";
		};
		98DCF3822A1298CA003ADC2A /* Extension */ = {
			isa = PBXGroup;
			children = (
				98DCF3832A1298CA003ADC2A /* ColorExtension.swift */,
				98DCF3842A1298CA003ADC2A /* DataExtension.swift */,
				98DCF3852A1298CA003ADC2A /* StringExtension.swift */,
				98DCF3862A1298CA003ADC2A /* DateExtension.swift */,
				98DCF3872A1298CA003ADC2A /* DecodableExtension.swift */,
			);
			path = Extension;
			sourceTree = "<group>";
		};
		98DCF3882A1298CA003ADC2A /* Layout */ = {
			isa = PBXGroup;
			children = (
				98DCF3892A1298CA003ADC2A /* AppDesignConfiguration.swift */,
			);
			path = Layout;
			sourceTree = "<group>";
		};
		98DCF3972A129E69003ADC2A /* ErrorHandling */ = {
			isa = PBXGroup;
			children = (
				98DCF3982A129E69003ADC2A /* Connection.swift */,
				98DCF3992A129E69003ADC2A /* NetworkError.swift */,
			);
			path = ErrorHandling;
			sourceTree = "<group>";
		};
		98DCF39C2A129ED2003ADC2A /* Service */ = {
			isa = PBXGroup;
			children = (
				98DCF39D2A129F9D003ADC2A /* UserService.swift */,
			);
			path = Service;
			sourceTree = "<group>";
		};
/* End PBXGroup section */

/* Begin PBXNativeTarget section */
		98DCF3682A12970C003ADC2A /* github-u-ios */ = {
			isa = PBXNativeTarget;
			buildConfigurationList = 98DCF3772A12970D003ADC2A /* Build configuration list for PBXNativeTarget "github-u-ios" */;
			buildPhases = (
				98DCF3652A12970C003ADC2A /* Sources */,
				98DCF3662A12970C003ADC2A /* Frameworks */,
				98DCF3672A12970C003ADC2A /* Resources */,
			);
			buildRules = (
			);
			dependencies = (
			);
			name = "github-u-ios";
			packageProductDependencies = (
			);
			productName = "github-u-ios";
			productReference = 98DCF3692A12970C003ADC2A /* github-u-ios.app */;
			productType = "com.apple.product-type.application";
		};
/* End PBXNativeTarget section */

/* Begin PBXProject section */
		98DCF3612A12970C003ADC2A /* Project object */ = {
			isa = PBXProject;
			attributes = {
				BuildIndependentTargetsInParallel = 1;
				LastSwiftUpdateCheck = 1420;
				LastUpgradeCheck = 1420;
				TargetAttributes = {
					98DCF3682A12970C003ADC2A = {
						CreatedOnToolsVersion = 14.2;
					};
				};
			};
			buildConfigurationList = 98DCF3642A12970C003ADC2A /* Build configuration list for PBXProject "github-u-ios" */;
			compatibilityVersion = "Xcode 14.0";
			developmentRegion = en;
			hasScannedForEncodings = 0;
			knownRegions = (
				en,
				Base,
			);
			mainGroup = 98DCF3602A12970C003ADC2A;
			packageReferences = (
			);
			productRefGroup = 98DCF36A2A12970C003ADC2A /* Products */;
			projectDirPath = "";
			projectRoot = "";
			targets = (
				98DCF3682A12970C003ADC2A /* github-u-ios */,
			);
		};
/* End PBXProject section */

/* Begin PBXResourcesBuildPhase section */
		98DCF3672A12970C003ADC2A /* Resources */ = {
			isa = PBXResourcesBuildPhase;
			buildActionMask = 2147483647;
			files = (
				986B2BB82A12DE3B00D1F654 /* users.json in Resources */,
				98DCF3742A12970D003ADC2A /* Preview Assets.xcassets in Resources */,
				98DCF3712A12970D003ADC2A /* Assets.xcassets in Resources */,
				984494212A150E5400B58494 /* repos.json in Resources */,
			);
			runOnlyForDeploymentPostprocessing = 0;
		};
/* End PBXResourcesBuildPhase section */

/* Begin PBXSourcesBuildPhase section */
		98DCF3652A12970C003ADC2A /* Sources */ = {
			isa = PBXSourcesBuildPhase;
			buildActionMask = 2147483647;
			files = (
				98DCF39E2A129F9D003ADC2A /* UserService.swift in Sources */,
				986B2BB52A12DD3400D1F654 /* PreviewUserViewData.swift in Sources */,
				9844941C2A14123200B58494 /* UserDetailDeepView.swift in Sources */,
				986B2BBC2A12E8C600D1F654 /* NavigationDeepView.swift in Sources */,
				986B2BA82A12CB8F00D1F654 /* UsersBuilder.swift in Sources */,
				98DCF3902A1298CA003ADC2A /* DateExtension.swift in Sources */,
				98DCF3922A1298CA003ADC2A /* AppDesignConfiguration.swift in Sources */,
				9844941A2A140F3700B58494 /* PreviewUserDetailViewData.swift in Sources */,
				984494172A13EBC100B58494 /* UserDetailBuilder.swift in Sources */,
				98DCF36D2A12970C003ADC2A /* github_u_iosApp.swift in Sources */,
				986B2BB32A12D87E00D1F654 /* UserRowView.swift in Sources */,
				98DCF3912A1298CA003ADC2A /* DecodableExtension.swift in Sources */,
				98DCF38F2A1298CA003ADC2A /* StringExtension.swift in Sources */,
				98DCF38C2A1298CA003ADC2A /* Constant.swift in Sources */,
				986B2BBA2A12E4DE00D1F654 /* UserView.swift in Sources */,
				98DCF3A02A12A0E4003ADC2A /* User.swift in Sources */,
				984494232A1514AA00B58494 /* UserRepoBuilder.swift in Sources */,
				986B2BA62A12C03C00D1F654 /* UserViewData.swift in Sources */,
				986B2BA42A12BDFC00D1F654 /* UserViewModel.swift in Sources */,
				98DCF39A2A129E69003ADC2A /* Connection.swift in Sources */,
				9844941F2A14507300B58494 /* UserRepoView.swift in Sources */,
				98DCF38D2A1298CA003ADC2A /* ColorExtension.swift in Sources */,
				98DCF38E2A1298CA003ADC2A /* DataExtension.swift in Sources */,
				98DCF39B2A129E69003ADC2A /* NetworkError.swift in Sources */,
				98DCF3962A129BFD003ADC2A /* Endpoint.swift in Sources */,
				98DCF3932A1298CA003ADC2A /* Builder.swift in Sources */,
				986B2BAE2A12CE4700D1F654 /* HomeView.swift in Sources */,
				986B2BBE2A12F79200D1F654 /* UserDetailView.swift in Sources */,
			);
			runOnlyForDeploymentPostprocessing = 0;
		};
/* End PBXSourcesBuildPhase section */

/* Begin XCBuildConfiguration section */
		98DCF3752A12970D003ADC2A /* Debug */ = {
			isa = XCBuildConfiguration;
			buildSettings = {
				ALWAYS_SEARCH_USER_PATHS = NO;
				CLANG_ANALYZER_NONNULL = YES;
				CLANG_ANALYZER_NUMBER_OBJECT_CONVERSION = YES_AGGRESSIVE;
				CLANG_CXX_LANGUAGE_STANDARD = "gnu++20";
				CLANG_ENABLE_MODULES = YES;
				CLANG_ENABLE_OBJC_ARC = YES;
				CLANG_ENABLE_OBJC_WEAK = YES;
				CLANG_WARN_BLOCK_CAPTURE_AUTORELEASING = YES;
				CLANG_WARN_BOOL_CONVERSION = YES;
				CLANG_WARN_COMMA = YES;
				CLANG_WARN_CONSTANT_CONVERSION = YES;
				CLANG_WARN_DEPRECATED_OBJC_IMPLEMENTATIONS = YES;
				CLANG_WARN_DIRECT_OBJC_ISA_USAGE = YES_ERROR;
				CLANG_WARN_DOCUMENTATION_COMMENTS = YES;
				CLANG_WARN_EMPTY_BODY = YES;
				CLANG_WARN_ENUM_CONVERSION = YES;
				CLANG_WARN_INFINITE_RECURSION = YES;
				CLANG_WARN_INT_CONVERSION = YES;
				CLANG_WARN_NON_LITERAL_NULL_CONVERSION = YES;
				CLANG_WARN_OBJC_IMPLICIT_RETAIN_SELF = YES;
				CLANG_WARN_OBJC_LITERAL_CONVERSION = YES;
				CLANG_WARN_OBJC_ROOT_CLASS = YES_ERROR;
				CLANG_WARN_QUOTED_INCLUDE_IN_FRAMEWORK_HEADER = YES;
				CLANG_WARN_RANGE_LOOP_ANALYSIS = YES;
				CLANG_WARN_STRICT_PROTOTYPES = YES;
				CLANG_WARN_SUSPICIOUS_MOVE = YES;
				CLANG_WARN_UNGUARDED_AVAILABILITY = YES_AGGRESSIVE;
				CLANG_WARN_UNREACHABLE_CODE = YES;
				CLANG_WARN__DUPLICATE_METHOD_MATCH = YES;
				COPY_PHASE_STRIP = NO;
				DEBUG_INFORMATION_FORMAT = dwarf;
				ENABLE_STRICT_OBJC_MSGSEND = YES;
				ENABLE_TESTABILITY = YES;
				GCC_C_LANGUAGE_STANDARD = gnu11;
				GCC_DYNAMIC_NO_PIC = NO;
				GCC_NO_COMMON_BLOCKS = YES;
				GCC_OPTIMIZATION_LEVEL = 0;
				GCC_PREPROCESSOR_DEFINITIONS = (
					"DEBUG=1",
					"$(inherited)",
				);
				GCC_WARN_64_TO_32_BIT_CONVERSION = YES;
				GCC_WARN_ABOUT_RETURN_TYPE = YES_ERROR;
				GCC_WARN_UNDECLARED_SELECTOR = YES;
				GCC_WARN_UNINITIALIZED_AUTOS = YES_AGGRESSIVE;
				GCC_WARN_UNUSED_FUNCTION = YES;
				GCC_WARN_UNUSED_VARIABLE = YES;
				IPHONEOS_DEPLOYMENT_TARGET = 16.2;
				MTL_ENABLE_DEBUG_INFO = INCLUDE_SOURCE;
				MTL_FAST_MATH = YES;
				ONLY_ACTIVE_ARCH = YES;
				SDKROOT = iphoneos;
				SWIFT_ACTIVE_COMPILATION_CONDITIONS = DEBUG;
				SWIFT_OPTIMIZATION_LEVEL = "-Onone";
			};
			name = Debug;
		};
		98DCF3762A12970D003ADC2A /* Release */ = {
			isa = XCBuildConfiguration;
			buildSettings = {
				ALWAYS_SEARCH_USER_PATHS = NO;
				CLANG_ANALYZER_NONNULL = YES;
				CLANG_ANALYZER_NUMBER_OBJECT_CONVERSION = YES_AGGRESSIVE;
				CLANG_CXX_LANGUAGE_STANDARD = "gnu++20";
				CLANG_ENABLE_MODULES = YES;
				CLANG_ENABLE_OBJC_ARC = YES;
				CLANG_ENABLE_OBJC_WEAK = YES;
				CLANG_WARN_BLOCK_CAPTURE_AUTORELEASING = YES;
				CLANG_WARN_BOOL_CONVERSION = YES;
				CLANG_WARN_COMMA = YES;
				CLANG_WARN_CONSTANT_CONVERSION = YES;
				CLANG_WARN_DEPRECATED_OBJC_IMPLEMENTATIONS = YES;
				CLANG_WARN_DIRECT_OBJC_ISA_USAGE = YES_ERROR;
				CLANG_WARN_DOCUMENTATION_COMMENTS = YES;
				CLANG_WARN_EMPTY_BODY = YES;
				CLANG_WARN_ENUM_CONVERSION = YES;
				CLANG_WARN_INFINITE_RECURSION = YES;
				CLANG_WARN_INT_CONVERSION = YES;
				CLANG_WARN_NON_LITERAL_NULL_CONVERSION = YES;
				CLANG_WARN_OBJC_IMPLICIT_RETAIN_SELF = YES;
				CLANG_WARN_OBJC_LITERAL_CONVERSION = YES;
				CLANG_WARN_OBJC_ROOT_CLASS = YES_ERROR;
				CLANG_WARN_QUOTED_INCLUDE_IN_FRAMEWORK_HEADER = YES;
				CLANG_WARN_RANGE_LOOP_ANALYSIS = YES;
				CLANG_WARN_STRICT_PROTOTYPES = YES;
				CLANG_WARN_SUSPICIOUS_MOVE = YES;
				CLANG_WARN_UNGUARDED_AVAILABILITY = YES_AGGRESSIVE;
				CLANG_WARN_UNREACHABLE_CODE = YES;
				CLANG_WARN__DUPLICATE_METHOD_MATCH = YES;
				COPY_PHASE_STRIP = NO;
				DEBUG_INFORMATION_FORMAT = "dwarf-with-dsym";
				ENABLE_NS_ASSERTIONS = NO;
				ENABLE_STRICT_OBJC_MSGSEND = YES;
				GCC_C_LANGUAGE_STANDARD = gnu11;
				GCC_NO_COMMON_BLOCKS = YES;
				GCC_WARN_64_TO_32_BIT_CONVERSION = YES;
				GCC_WARN_ABOUT_RETURN_TYPE = YES_ERROR;
				GCC_WARN_UNDECLARED_SELECTOR = YES;
				GCC_WARN_UNINITIALIZED_AUTOS = YES_AGGRESSIVE;
				GCC_WARN_UNUSED_FUNCTION = YES;
				GCC_WARN_UNUSED_VARIABLE = YES;
				IPHONEOS_DEPLOYMENT_TARGET = 16.2;
				MTL_ENABLE_DEBUG_INFO = NO;
				MTL_FAST_MATH = YES;
				SDKROOT = iphoneos;
				SWIFT_COMPILATION_MODE = wholemodule;
				SWIFT_OPTIMIZATION_LEVEL = "-O";
				VALIDATE_PRODUCT = YES;
			};
			name = Release;
		};
		98DCF3782A12970D003ADC2A /* Debug */ = {
			isa = XCBuildConfiguration;
			buildSettings = {
				ASSETCATALOG_COMPILER_APPICON_NAME = AppIcon;
				ASSETCATALOG_COMPILER_GLOBAL_ACCENT_COLOR_NAME = AccentColor;
				CODE_SIGN_STYLE = Automatic;
				CURRENT_PROJECT_VERSION = 1;
				DEVELOPMENT_ASSET_PATHS = "\"github-u-ios/Preview Content\"";
				DEVELOPMENT_TEAM = 448J3X7P97;
				ENABLE_PREVIEWS = YES;
				GENERATE_INFOPLIST_FILE = YES;
				INFOPLIST_KEY_UIApplicationSceneManifest_Generation = YES;
				INFOPLIST_KEY_UIApplicationSupportsIndirectInputEvents = YES;
				INFOPLIST_KEY_UILaunchScreen_Generation = YES;
				INFOPLIST_KEY_UISupportedInterfaceOrientations = UIInterfaceOrientationPortrait;
				LD_RUNPATH_SEARCH_PATHS = (
					"$(inherited)",
					"@executable_path/Frameworks",
				);
				MARKETING_VERSION = 1.0;
				PRODUCT_BUNDLE_IDENTIFIER = "smith.c.com.github-u-ios";
				PRODUCT_NAME = "$(TARGET_NAME)";
				SUPPORTED_PLATFORMS = "iphoneos iphonesimulator";
				SUPPORTS_MACCATALYST = NO;
				SUPPORTS_MAC_DESIGNED_FOR_IPHONE_IPAD = NO;
				SWIFT_EMIT_LOC_STRINGS = YES;
				SWIFT_VERSION = 5.0;
				TARGETED_DEVICE_FAMILY = 1;
			};
			name = Debug;
		};
		98DCF3792A12970D003ADC2A /* Release */ = {
			isa = XCBuildConfiguration;
			buildSettings = {
				ASSETCATALOG_COMPILER_APPICON_NAME = AppIcon;
				ASSETCATALOG_COMPILER_GLOBAL_ACCENT_COLOR_NAME = AccentColor;
				CODE_SIGN_STYLE = Automatic;
				CURRENT_PROJECT_VERSION = 1;
				DEVELOPMENT_ASSET_PATHS = "\"github-u-ios/Preview Content\"";
				DEVELOPMENT_TEAM = 448J3X7P97;
				ENABLE_PREVIEWS = YES;
				GENERATE_INFOPLIST_FILE = YES;
				INFOPLIST_KEY_UIApplicationSceneManifest_Generation = YES;
				INFOPLIST_KEY_UIApplicationSupportsIndirectInputEvents = YES;
				INFOPLIST_KEY_UILaunchScreen_Generation = YES;
				INFOPLIST_KEY_UISupportedInterfaceOrientations = UIInterfaceOrientationPortrait;
				LD_RUNPATH_SEARCH_PATHS = (
					"$(inherited)",
					"@executable_path/Frameworks",
				);
				MARKETING_VERSION = 1.0;
				PRODUCT_BUNDLE_IDENTIFIER = "smith.c.com.github-u-ios";
				PRODUCT_NAME = "$(TARGET_NAME)";
				SUPPORTED_PLATFORMS = "iphoneos iphonesimulator";
				SUPPORTS_MACCATALYST = NO;
				SUPPORTS_MAC_DESIGNED_FOR_IPHONE_IPAD = NO;
				SWIFT_EMIT_LOC_STRINGS = YES;
				SWIFT_VERSION = 5.0;
				TARGETED_DEVICE_FAMILY = 1;
			};
			name = Release;
		};
/* End XCBuildConfiguration section */

/* Begin XCConfigurationList section */
		98DCF3642A12970C003ADC2A /* Build configuration list for PBXProject "github-u-ios" */ = {
			isa = XCConfigurationList;
			buildConfigurations = (
				98DCF3752A12970D003ADC2A /* Debug */,
				98DCF3762A12970D003ADC2A /* Release */,
			);
			defaultConfigurationIsVisible = 0;
			defaultConfigurationName = Release;
		};
		98DCF3772A12970D003ADC2A /* Build configuration list for PBXNativeTarget "github-u-ios" */ = {
			isa = XCConfigurationList;
			buildConfigurations = (
				98DCF3782A12970D003ADC2A /* Debug */,
				98DCF3792A12970D003ADC2A /* Release */,
			);
			defaultConfigurationIsVisible = 0;
			defaultConfigurationName = Release;
		};
/* End XCConfigurationList section */
	};
	rootObject = 98DCF3612A12970C003ADC2A /* Project object */;
}
